
Microsoft Visual Studio Solution File, Format Version 12.00
# Visual Studio Version 17
VisualStudioVersion = 17.9.34728.123
MinimumVisualStudioVersion = 10.0.40219.1
Project("{FAE04EC0-301F-11D3-BF4B-00C04F79EFBC}") = "MatchingServer", "MatchingServer.csproj", "{39FB8811-5836-4BCE-BCAB-E0EFB9AFB926}"
EndProject
Global
	GlobalSection(SolutionConfigurationPlatforms) = preSolution
		Debug|Any CPU = Debug|Any CPU
		Release|Any CPU = Release|Any CPU
	EndGlobalSection
	GlobalSection(ProjectConfigurationPlatforms) = postSolution
		{39FB8811-5836-4BCE-BCAB-E0EFB9AFB926}.Debug|Any CPU.ActiveCfg = Debug|Any CPU
		{39FB8811-5836-4BCE-BCAB-E0EFB9AFB926}.Debug|Any CPU.Build.0 = Debug|Any CPU
		{39FB8811-5836-4BCE-BCAB-E0EFB9AFB926}.Release|Any CPU.ActiveCfg = Release|Any CPU
		{39FB8811-5836-4BCE-BCAB-E0EFB9AFB926}.Release|Any CPU.Build.0 = Release|Any CPU
	EndGlobalSection
	GlobalSection(SolutionProperties) = preSolution
		HideSolutionNode = FALSE
	EndGlobalSection
	GlobalSection(ExtensibilityGlobals) = postSolution
		SolutionGuid = {1D4586DD-BE6F-41A1-B058-8C3B6DEBC9D0}
	EndGlobalSection
EndGlobal
