
Microsoft Visual Studio Solution File, Format Version 12.00
# Visual Studio Version 17
VisualStudioVersion = 17.9.34728.123
MinimumVisualStudioVersion = 10.0.40219.1
Project("{FAE04EC0-301F-11D3-BF4B-00C04F79EFBC}") = "ClientGameServerGhare", "ClientGameServerGhare.csproj", "{B44164CB-514D-422D-A16A-DBE8C7964721}"
EndProject
Global
	GlobalSection(SolutionConfigurationPlatforms) = preSolution
		Debug|Any CPU = Debug|Any CPU
		Release|Any CPU = Release|Any CPU
	EndGlobalSection
	GlobalSection(ProjectConfigurationPlatforms) = postSolution
		{B44164CB-514D-422D-A16A-DBE8C7964721}.Debug|Any CPU.ActiveCfg = Debug|Any CPU
		{B44164CB-514D-422D-A16A-DBE8C7964721}.Debug|Any CPU.Build.0 = Debug|Any CPU
		{B44164CB-514D-422D-A16A-DBE8C7964721}.Release|Any CPU.ActiveCfg = Release|Any CPU
		{B44164CB-514D-422D-A16A-DBE8C7964721}.Release|Any CPU.Build.0 = Release|Any CPU
	EndGlobalSection
	GlobalSection(SolutionProperties) = preSolution
		HideSolutionNode = FALSE
	EndGlobalSection
	GlobalSection(ExtensibilityGlobals) = postSolution
		SolutionGuid = {A840620B-17E7-4AF6-9BD2-88134706587D}
	EndGlobalSection
EndGlobal
